
Microsoft Visual Studio Solution File, Format Version 12.00
# Visual Studio Version 16
VisualStudioVersion = 16.0.31112.23
MinimumVisualStudioVersion = 10.0.40219.1
Project("{9A19103F-16F7-4668-BE54-9A1E7A4F7556}") = "Student Data", "Student Data\Student Data.csproj", "{DC5FB78D-A53B-419B-BB89-F9726C74C666}"
EndProject
Global
	GlobalSection(SolutionConfigurationPlatforms) = preSolution
		Debug|Any CPU = Debug|Any CPU
		Release|Any CPU = Release|Any CPU
	EndGlobalSection
	GlobalSection(ProjectConfigurationPlatforms) = postSolution
		{DC5FB78D-A53B-419B-BB89-F9726C74C666}.Debug|Any CPU.ActiveCfg = Debug|Any CPU
		{DC5FB78D-A53B-419B-BB89-F9726C74C666}.Debug|Any CPU.Build.0 = Debug|Any CPU
		{DC5FB78D-A53B-419B-BB89-F9726C74C666}.Release|Any CPU.ActiveCfg = Release|Any CPU
		{DC5FB78D-A53B-419B-BB89-F9726C74C666}.Release|Any CPU.Build.0 = Release|Any CPU
	EndGlobalSection
	GlobalSection(SolutionProperties) = preSolution
		HideSolutionNode = FALSE
	EndGlobalSection
	GlobalSection(ExtensibilityGlobals) = postSolution
		SolutionGuid = {A5B45805-D6EF-4EEC-8B0C-C900D2C23217}
	EndGlobalSection
EndGlobal
